
Microsoft Visual Studio Solution File, Format Version 12.00
Project("{FAE04EC0-301F-11D3-BF4B-00C04F79EFBC}") = "ElementPlusMessageWPF", "ElementPlusMessageWPF\ElementPlusMessageWPF.csproj", "{9004BB8E-B3B8-435C-A1ED-825E517DCE5E}"
EndProject
Project("{FAE04EC0-301F-11D3-BF4B-00C04F79EFBC}") = "ElMessage.Wpf", "ElMessage.Wpf\ElMessage.Wpf.csproj", "{2D2652F2-4D54-4279-8C5A-33658CB7ECF5}"
EndProject
Global
	GlobalSection(SolutionConfigurationPlatforms) = preSolution
		Debug|Any CPU = Debug|Any CPU
		Release|Any CPU = Release|Any CPU
	EndGlobalSection
	GlobalSection(ProjectConfigurationPlatforms) = postSolution
		{9004BB8E-B3B8-435C-A1ED-825E517DCE5E}.Debug|Any CPU.ActiveCfg = Debug|Any CPU
		{9004BB8E-B3B8-435C-A1ED-825E517DCE5E}.Debug|Any CPU.Build.0 = Debug|Any CPU
		{9004BB8E-B3B8-435C-A1ED-825E517DCE5E}.Release|Any CPU.ActiveCfg = Release|Any CPU
		{9004BB8E-B3B8-435C-A1ED-825E517DCE5E}.Release|Any CPU.Build.0 = Release|Any CPU
		{2D2652F2-4D54-4279-8C5A-33658CB7ECF5}.Debug|Any CPU.ActiveCfg = Debug|Any CPU
		{2D2652F2-4D54-4279-8C5A-33658CB7ECF5}.Debug|Any CPU.Build.0 = Debug|Any CPU
		{2D2652F2-4D54-4279-8C5A-33658CB7ECF5}.Release|Any CPU.ActiveCfg = Release|Any CPU
		{2D2652F2-4D54-4279-8C5A-33658CB7ECF5}.Release|Any CPU.Build.0 = Release|Any CPU
	EndGlobalSection
EndGlobal
